// !$*UTF8*$!
{
	archiveVersion = 1;
	classes = {
	};
	objectVersion = 46;
	objects = {

/* Begin PBXBuildFile section */
		DD543A30186D594A00C4780B /* Foundation.framework in Frameworks */ = {isa = PBXBuildFile; fileRef = DD543A2F186D594A00C4780B /* Foundation.framework */; };
		DD543A32186D594A00C4780B /* CoreGraphics.framework in Frameworks */ = {isa = PBXBuildFile; fileRef = DD543A31186D594A00C4780B /* CoreGraphics.framework */; };
		DD543A34186D594A00C4780B /* UIKit.framework in Frameworks */ = {isa = PBXBuildFile; fileRef = DD543A33186D594A00C4780B /* UIKit.framework */; };
		DD543A3A186D594A00C4780B /* InfoPlist.strings in Resources */ = {isa = PBXBuildFile; fileRef = DD543A38186D594A00C4780B /* InfoPlist.strings */; };
		DD543A3C186D594A00C4780B /* main.m in Sources */ = {isa = PBXBuildFile; fileRef = DD543A3B186D594A00C4780B /* main.m */; };
		DD543A40186D594A00C4780B /* AppDelegate.m in Sources */ = {isa = PBXBuildFile; fileRef = DD543A3F186D594A00C4780B /* AppDelegate.m */; };
		DD543A43186D594A00C4780B /* Main_iPhone.storyboard in Resources */ = {isa = PBXBuildFile; fileRef = DD543A41186D594A00C4780B /* Main_iPhone.storyboard */; };
		DD543A46186D594A00C4780B /* Main_iPad.storyboard in Resources */ = {isa = PBXBuildFile; fileRef = DD543A44186D594A00C4780B /* Main_iPad.storyboard */; };
		DD543A49186D594A00C4780B /* ViewController.m in Sources */ = {isa = PBXBuildFile; fileRef = DD543A48186D594A00C4780B /* ViewController.m */; };
		DD543A4B186D594A00C4780B /* Images.xcassets in Resources */ = {isa = PBXBuildFile; fileRef = DD543A4A186D594A00C4780B /* Images.xcassets */; };
		DD543A52186D594A00C4780B /* XCTest.framework in Frameworks */ = {isa = PBXBuildFile; fileRef = DD543A51186D594A00C4780B /* XCTest.framework */; };
		DD543A53186D594A00C4780B /* Foundation.framework in Frameworks */ = {isa = PBXBuildFile; fileRef = DD543A2F186D594A00C4780B /* Foundation.framework */; };
		DD543A54186D594A00C4780B /* UIKit.framework in Frameworks */ = {isa = PBXBuildFile; fileRef = DD543A33186D594A00C4780B /* UIKit.framework */; };
		DD543A5C186D594A00C4780B /* InfoPlist.strings in Resources */ = {isa = PBXBuildFile; fileRef = DD543A5A186D594A00C4780B /* InfoPlist.strings */; };
		DD543A5E186D594A00C4780B /* RelaxnListenTests.m in Sources */ = {isa = PBXBuildFile; fileRef = DD543A5D186D594A00C4780B /* RelaxnListenTests.m */; };
		DD543A68186EDE5B00C4780B /* MediaPlayer.framework in Frameworks */ = {isa = PBXBuildFile; fileRef = DD543A67186EDE5B00C4780B /* MediaPlayer.framework */; };
		DD543A6B186EED2700C4780B /* Storage.m in Sources */ = {isa = PBXBuildFile; fileRef = DD543A6A186EED2700C4780B /* Storage.m */; };
		DD543A6E1871224E00C4780B /* Settings.m in Sources */ = {isa = PBXBuildFile; fileRef = DD543A6D1871224E00C4780B /* Settings.m */; };
/* End PBXBuildFile section */

/* Begin PBXContainerItemProxy section */
		DD543A55186D594A00C4780B /* PBXContainerItemProxy */ = {
			isa = PBXContainerItemProxy;
			containerPortal = DD543A24186D594A00C4780B /* Project object */;
			proxyType = 1;
			remoteGlobalIDString = DD543A2B186D594A00C4780B;
			remoteInfo = RelaxnListen;
		};
/* End PBXContainerItemProxy section */

/* Begin PBXFileReference section */
		DD543A2C186D594A00C4780B /* RelaxnListen.app */ = {isa = PBXFileReference; explicitFileType = wrapper.application; includeInIndex = 0; path = RelaxnListen.app; sourceTree = BUILT_PRODUCTS_DIR; };
		DD543A2F186D594A00C4780B /* Foundation.framework */ = {isa = PBXFileReference; lastKnownFileType = wrapper.framework; name = Foundation.framework; path = System/Library/Frameworks/Foundation.framework; sourceTree = SDKROOT; };
		DD543A31186D594A00C4780B /* CoreGraphics.framework */ = {isa = PBXFileReference; lastKnownFileType = wrapper.framework; name = CoreGraphics.framework; path = System/Library/Frameworks/CoreGraphics.framework; sourceTree = SDKROOT; };
		DD543A33186D594A00C4780B /* UIKit.framework */ = {isa = PBXFileReference; lastKnownFileType = wrapper.framework; name = UIKit.framework; path = System/Library/Frameworks/UIKit.framework; sourceTree = SDKROOT; };
		DD543A37186D594A00C4780B /* RelaxnListen-Info.plist */ = {isa = PBXFileReference; lastKnownFileType = text.plist.xml; path = "RelaxnListen-Info.plist"; sourceTree = "<group>"; };
		DD543A39186D594A00C4780B /* en */ = {isa = PBXFileReference; lastKnownFileType = text.plist.strings; name = en; path = en.lproj/InfoPlist.strings; sourceTree = "<group>"; };
		DD543A3B186D594A00C4780B /* main.m */ = {isa = PBXFileReference; lastKnownFileType = sourcecode.c.objc; path = main.m; sourceTree = "<group>"; };
		DD543A3D186D594A00C4780B /* RelaxnListen-Prefix.pch */ = {isa = PBXFileReference; lastKnownFileType = sourcecode.c.h; path = "RelaxnListen-Prefix.pch"; sourceTree = "<group>"; };
		DD543A3E186D594A00C4780B /* AppDelegate.h */ = {isa = PBXFileReference; lastKnownFileType = sourcecode.c.h; path = AppDelegate.h; sourceTree = "<group>"; };
		DD543A3F186D594A00C4780B /* AppDelegate.m */ = {isa = PBXFileReference; lastKnownFileType = sourcecode.c.objc; path = AppDelegate.m; sourceTree = "<group>"; };
		DD543A42186D594A00C4780B /* Base */ = {isa = PBXFileReference; lastKnownFileType = file.storyboard; name = Base; path = Base.lproj/Main_iPhone.storyboard; sourceTree = "<group>"; };
		DD543A45186D594A00C4780B /* Base */ = {isa = PBXFileReference; lastKnownFileType = file.storyboard; name = Base; path = Base.lproj/Main_iPad.storyboard; sourceTree = "<group>"; };
		DD543A47186D594A00C4780B /* ViewController.h */ = {isa = PBXFileReference; lastKnownFileType = sourcecode.c.h; path = ViewController.h; sourceTree = "<group>"; };
		DD543A48186D594A00C4780B /* ViewController.m */ = {isa = PBXFileReference; lastKnownFileType = sourcecode.c.objc; path = ViewController.m; sourceTree = "<group>"; };
		DD543A4A186D594A00C4780B /* Images.xcassets */ = {isa = PBXFileReference; lastKnownFileType = folder.assetcatalog; path = Images.xcassets; sourceTree = "<group>"; };
		DD543A50186D594A00C4780B /* RelaxnListenTests.xctest */ = {isa = PBXFileReference; explicitFileType = wrapper.cfbundle; includeInIndex = 0; path = RelaxnListenTests.xctest; sourceTree = BUILT_PRODUCTS_DIR; };
		DD543A51186D594A00C4780B /* XCTest.framework */ = {isa = PBXFileReference; lastKnownFileType = wrapper.framework; name = XCTest.framework; path = Library/Frameworks/XCTest.framework; sourceTree = DEVELOPER_DIR; };
		DD543A59186D594A00C4780B /* RelaxnListenTests-Info.plist */ = {isa = PBXFileReference; lastKnownFileType = text.plist.xml; path = "RelaxnListenTests-Info.plist"; sourceTree = "<group>"; };
		DD543A5B186D594A00C4780B /* en */ = {isa = PBXFileReference; lastKnownFileType = text.plist.strings; name = en; path = en.lproj/InfoPlist.strings; sourceTree = "<group>"; };
		DD543A5D186D594A00C4780B /* RelaxnListenTests.m */ = {isa = PBXFileReference; lastKnownFileType = sourcecode.c.objc; path = RelaxnListenTests.m; sourceTree = "<group>"; };
		DD543A67186EDE5B00C4780B /* MediaPlayer.framework */ = {isa = PBXFileReference; lastKnownFileType = wrapper.framework; name = MediaPlayer.framework; path = System/Library/Frameworks/MediaPlayer.framework; sourceTree = SDKROOT; };
		DD543A69186EED2700C4780B /* Storage.h */ = {isa = PBXFileReference; fileEncoding = 4; lastKnownFileType = sourcecode.c.h; path = Storage.h; sourceTree = "<group>"; };
		DD543A6A186EED2700C4780B /* Storage.m */ = {isa = PBXFileReference; fileEncoding = 4; lastKnownFileType = sourcecode.c.objc; path = Storage.m; sourceTree = "<group>"; };
		DD543A6C1871224E00C4780B /* Settings.h */ = {isa = PBXFileReference; fileEncoding = 4; lastKnownFileType = sourcecode.c.h; path = Settings.h; sourceTree = "<group>"; };
		DD543A6D1871224E00C4780B /* Settings.m */ = {isa = PBXFileReference; fileEncoding = 4; lastKnownFileType = sourcecode.c.objc; path = Settings.m; sourceTree = "<group>"; };
		DD543A6F1871244200C4780B /* Constants.h */ = {isa = PBXFileReference; lastKnownFileType = sourcecode.c.h; path = Constants.h; sourceTree = "<group>"; };
/* End PBXFileReference section */

/* Begin PBXFrameworksBuildPhase section */
		DD543A29186D594A00C4780B /* Frameworks */ = {
			isa = PBXFrameworksBuildPhase;
			buildActionMask = 2147483647;
			files = (
				DD543A68186EDE5B00C4780B /* MediaPlayer.framework in Frameworks */,
				DD543A32186D594A00C4780B /* CoreGraphics.framework in Frameworks */,
				DD543A34186D594A00C4780B /* UIKit.framework in Frameworks */,
				DD543A30186D594A00C4780B /* Foundation.framework in Frameworks */,
			);
			runOnlyForDeploymentPostprocessing = 0;
		};
		DD543A4D186D594A00C4780B /* Frameworks */ = {
			isa = PBXFrameworksBuildPhase;
			buildActionMask = 2147483647;
			files = (
				DD543A52186D594A00C4780B /* XCTest.framework in Frameworks */,
				DD543A54186D594A00C4780B /* UIKit.framework in Frameworks */,
				DD543A53186D594A00C4780B /* Foundation.framework in Frameworks */,
			);
			runOnlyForDeploymentPostprocessing = 0;
		};
/* End PBXFrameworksBuildPhase section */

/* Begin PBXGroup section */
		DD543A23186D594A00C4780B = {
			isa = PBXGroup;
			children = (
				DD543A35186D594A00C4780B /* RelaxnListen */,
				DD543A57186D594A00C4780B /* RelaxnListenTests */,
				DD543A2E186D594A00C4780B /* Frameworks */,
				DD543A2D186D594A00C4780B /* Products */,
			);
			sourceTree = "<group>";
		};
		DD543A2D186D594A00C4780B /* Products */ = {
			isa = PBXGroup;
			children = (
				DD543A2C186D594A00C4780B /* RelaxnListen.app */,
				DD543A50186D594A00C4780B /* RelaxnListenTests.xctest */,
			);
			name = Products;
			sourceTree = "<group>";
		};
		DD543A2E186D594A00C4780B /* Frameworks */ = {
			isa = PBXGroup;
			children = (
				DD543A67186EDE5B00C4780B /* MediaPlayer.framework */,
				DD543A2F186D594A00C4780B /* Foundation.framework */,
				DD543A31186D594A00C4780B /* CoreGraphics.framework */,
				DD543A33186D594A00C4780B /* UIKit.framework */,
				DD543A51186D594A00C4780B /* XCTest.framework */,
			);
			name = Frameworks;
			sourceTree = "<group>";
		};
		DD543A35186D594A00C4780B /* RelaxnListen */ = {
			isa = PBXGroup;
			children = (
				DD543A3E186D594A00C4780B /* AppDelegate.h */,
				DD543A3F186D594A00C4780B /* AppDelegate.m */,
				DD543A41186D594A00C4780B /* Main_iPhone.storyboard */,
				DD543A44186D594A00C4780B /* Main_iPad.storyboard */,
				DD543A47186D594A00C4780B /* ViewController.h */,
				DD543A48186D594A00C4780B /* ViewController.m */,
				DD543A4A186D594A00C4780B /* Images.xcassets */,
				DD543A36186D594A00C4780B /* Supporting Files */,
				DD543A69186EED2700C4780B /* Storage.h */,
				DD543A6A186EED2700C4780B /* Storage.m */,
				DD543A6C1871224E00C4780B /* Settings.h */,
				DD543A6D1871224E00C4780B /* Settings.m */,
				DD543A6F1871244200C4780B /* Constants.h */,
			);
			path = RelaxnListen;
			sourceTree = "<group>";
		};
		DD543A36186D594A00C4780B /* Supporting Files */ = {
			isa = PBXGroup;
			children = (
				DD543A37186D594A00C4780B /* RelaxnListen-Info.plist */,
				DD543A38186D594A00C4780B /* InfoPlist.strings */,
				DD543A3B186D594A00C4780B /* main.m */,
				DD543A3D186D594A00C4780B /* RelaxnListen-Prefix.pch */,
			);
			name = "Supporting Files";
			sourceTree = "<group>";
		};
		DD543A57186D594A00C4780B /* RelaxnListenTests */ = {
			isa = PBXGroup;
			children = (
				DD543A5D186D594A00C4780B /* RelaxnListenTests.m */,
				DD543A58186D594A00C4780B /* Supporting Files */,
			);
			path = RelaxnListenTests;
			sourceTree = "<group>";
		};
		DD543A58186D594A00C4780B /* Supporting Files */ = {
			isa = PBXGroup;
			children = (
				DD543A59186D594A00C4780B /* RelaxnListenTests-Info.plist */,
				DD543A5A186D594A00C4780B /* InfoPlist.strings */,
			);
			name = "Supporting Files";
			sourceTree = "<group>";
		};
/* End PBXGroup section */

/* Begin PBXNativeTarget section */
		DD543A2B186D594A00C4780B /* RelaxnListen */ = {
			isa = PBXNativeTarget;
			buildConfigurationList = DD543A61186D594A00C4780B /* Build configuration list for PBXNativeTarget "RelaxnListen" */;
			buildPhases = (
				DD543A28186D594A00C4780B /* Sources */,
				DD543A29186D594A00C4780B /* Frameworks */,
				DD543A2A186D594A00C4780B /* Resources */,
			);
			buildRules = (
			);
			dependencies = (
			);
			name = RelaxnListen;
			productName = RelaxnListen;
			productReference = DD543A2C186D594A00C4780B /* RelaxnListen.app */;
			productType = "com.apple.product-type.application";
		};
		DD543A4F186D594A00C4780B /* RelaxnListenTests */ = {
			isa = PBXNativeTarget;
			buildConfigurationList = DD543A64186D594A00C4780B /* Build configuration list for PBXNativeTarget "RelaxnListenTests" */;
			buildPhases = (
				DD543A4C186D594A00C4780B /* Sources */,
				DD543A4D186D594A00C4780B /* Frameworks */,
				DD543A4E186D594A00C4780B /* Resources */,
			);
			buildRules = (
			);
			dependencies = (
				DD543A56186D594A00C4780B /* PBXTargetDependency */,
			);
			name = RelaxnListenTests;
			productName = RelaxnListenTests;
			productReference = DD543A50186D594A00C4780B /* RelaxnListenTests.xctest */;
			productType = "com.apple.product-type.bundle.unit-test";
		};
/* End PBXNativeTarget section */

/* Begin PBXProject section */
		DD543A24186D594A00C4780B /* Project object */ = {
			isa = PBXProject;
			attributes = {
				LastUpgradeCheck = 0500;
				ORGANIZATIONNAME = Stephen;
				TargetAttributes = {
					DD543A4F186D594A00C4780B = {
						TestTargetID = DD543A2B186D594A00C4780B;
					};
				};
			};
			buildConfigurationList = DD543A27186D594A00C4780B /* Build configuration list for PBXProject "RelaxnListen" */;
			compatibilityVersion = "Xcode 3.2";
			developmentRegion = English;
			hasScannedForEncodings = 0;
			knownRegions = (
				en,
				Base,
			);
			mainGroup = DD543A23186D594A00C4780B;
			productRefGroup = DD543A2D186D594A00C4780B /* Products */;
			projectDirPath = "";
			projectRoot = "";
			targets = (
				DD543A2B186D594A00C4780B /* RelaxnListen */,
				DD543A4F186D594A00C4780B /* RelaxnListenTests */,
			);
		};
/* End PBXProject section */

/* Begin PBXResourcesBuildPhase section */
		DD543A2A186D594A00C4780B /* Resources */ = {
			isa = PBXResourcesBuildPhase;
			buildActionMask = 2147483647;
			files = (
				DD543A46186D594A00C4780B /* Main_iPad.storyboard in Resources */,
				DD543A4B186D594A00C4780B /* Images.xcassets in Resources */,
				DD543A43186D594A00C4780B /* Main_iPhone.storyboard in Resources */,
				DD543A3A186D594A00C4780B /* InfoPlist.strings in Resources */,
			);
			runOnlyForDeploymentPostprocessing = 0;
		};
		DD543A4E186D594A00C4780B /* Resources */ = {
			isa = PBXResourcesBuildPhase;
			buildActionMask = 2147483647;
			files = (
				DD543A5C186D594A00C4780B /* InfoPlist.strings in Resources */,
			);
			runOnlyForDeploymentPostprocessing = 0;
		};
/* End PBXResourcesBuildPhase section */

/* Begin PBXSourcesBuildPhase section */
		DD543A28186D594A00C4780B /* Sources */ = {
			isa = PBXSourcesBuildPhase;
			buildActionMask = 2147483647;
			files = (
				DD543A49186D594A00C4780B /* ViewController.m in Sources */,
				DD543A40186D594A00C4780B /* AppDelegate.m in Sources */,
				DD543A6E1871224E00C4780B /* Settings.m in Sources */,
				DD543A6B186EED2700C4780B /* Storage.m in Sources */,
				DD543A3C186D594A00C4780B /* main.m in Sources */,
			);
			runOnlyForDeploymentPostprocessing = 0;
		};
		DD543A4C186D594A00C4780B /* Sources */ = {
			isa = PBXSourcesBuildPhase;
			buildActionMask = 2147483647;
			files = (
				DD543A5E186D594A00C4780B /* RelaxnListenTests.m in Sources */,
			);
			runOnlyForDeploymentPostprocessing = 0;
		};
/* End PBXSourcesBuildPhase section */

/* Begin PBXTargetDependency section */
		DD543A56186D594A00C4780B /* PBXTargetDependency */ = {
			isa = PBXTargetDependency;
			target = DD543A2B186D594A00C4780B /* RelaxnListen */;
			targetProxy = DD543A55186D594A00C4780B /* PBXContainerItemProxy */;
		};
/* End PBXTargetDependency section */

/* Begin PBXVariantGroup section */
		DD543A38186D594A00C4780B /* InfoPlist.strings */ = {
			isa = PBXVariantGroup;
			children = (
				DD543A39186D594A00C4780B /* en */,
			);
			name = InfoPlist.strings;
			sourceTree = "<group>";
		};
		DD543A41186D594A00C4780B /* Main_iPhone.storyboard */ = {
			isa = PBXVariantGroup;
			children = (
				DD543A42186D594A00C4780B /* Base */,
			);
			name = Main_iPhone.storyboard;
			sourceTree = "<group>";
		};
		DD543A44186D594A00C4780B /* Main_iPad.storyboard */ = {
			isa = PBXVariantGroup;
			children = (
				DD543A45186D594A00C4780B /* Base */,
			);
			name = Main_iPad.storyboard;
			sourceTree = "<group>";
		};
		DD543A5A186D594A00C4780B /* InfoPlist.strings */ = {
			isa = PBXVariantGroup;
			children = (
				DD543A5B186D594A00C4780B /* en */,
			);
			name = InfoPlist.strings;
			sourceTree = "<group>";
		};
/* End PBXVariantGroup section */

/* Begin XCBuildConfiguration section */
		DD543A5F186D594A00C4780B /* Debug */ = {
			isa = XCBuildConfiguration;
			buildSettings = {
				ALWAYS_SEARCH_USER_PATHS = NO;
				ARCHS = "$(ARCHS_STANDARD_INCLUDING_64_BIT)";
				CLANG_CXX_LANGUAGE_STANDARD = "gnu++0x";
				CLANG_CXX_LIBRARY = "libc++";
				CLANG_ENABLE_MODULES = YES;
				CLANG_ENABLE_OBJC_ARC = YES;
				CLANG_WARN_BOOL_CONVERSION = YES;
				CLANG_WARN_CONSTANT_CONVERSION = YES;
				CLANG_WARN_DIRECT_OBJC_ISA_USAGE = YES_ERROR;
				CLANG_WARN_EMPTY_BODY = YES;
				CLANG_WARN_ENUM_CONVERSION = YES;
				CLANG_WARN_INT_CONVERSION = YES;
				CLANG_WARN_OBJC_ROOT_CLASS = YES_ERROR;
				CLANG_WARN__DUPLICATE_METHOD_MATCH = YES;
				"CODE_SIGN_IDENTITY[sdk=iphoneos*]" = "iPhone Developer";
				COPY_PHASE_STRIP = NO;
				GCC_C_LANGUAGE_STANDARD = gnu99;
				GCC_DYNAMIC_NO_PIC = NO;
				GCC_OPTIMIZATION_LEVEL = 0;
				GCC_PREPROCESSOR_DEFINITIONS = (
					"DEBUG=1",
					"$(inherited)",
				);
				GCC_SYMBOLS_PRIVATE_EXTERN = NO;
				GCC_WARN_64_TO_32_BIT_CONVERSION = YES;
				GCC_WARN_ABOUT_RETURN_TYPE = YES_ERROR;
				GCC_WARN_UNDECLARED_SELECTOR = YES;
				GCC_WARN_UNINITIALIZED_AUTOS = YES;
				GCC_WARN_UNUSED_FUNCTION = YES;
				GCC_WARN_UNUSED_VARIABLE = YES;
				IPHONEOS_DEPLOYMENT_TARGET = 7.0;
				ONLY_ACTIVE_ARCH = YES;
				SDKROOT = iphoneos;
				TARGETED_DEVICE_FAMILY = "1,2";
			};
			name = Debug;
		};
		DD543A60186D594A00C4780B /* Release */ = {
			isa = XCBuildConfiguration;
			buildSettings = {
				ALWAYS_SEARCH_USER_PATHS = NO;
				ARCHS = "$(ARCHS_STANDARD_INCLUDING_64_BIT)";
				CLANG_CXX_LANGUAGE_STANDARD = "gnu++0x";
				CLANG_CXX_LIBRARY = "libc++";
				CLANG_ENABLE_MODULES = YES;
				CLANG_ENABLE_OBJC_ARC = YES;
				CLANG_WARN_BOOL_CONVERSION = YES;
				CLANG_WARN_CONSTANT_CONVERSION = YES;
				CLANG_WARN_DIRECT_OBJC_ISA_USAGE = YES_ERROR;
				CLANG_WARN_EMPTY_BODY = YES;
				CLANG_WARN_ENUM_CONVERSION = YES;
				CLANG_WARN_INT_CONVERSION = YES;
				CLANG_WARN_OBJC_ROOT_CLASS = YES_ERROR;
				CLANG_WARN__DUPLICATE_METHOD_MATCH = YES;
				"CODE_SIGN_IDENTITY[sdk=iphoneos*]" = "iPhone Developer";
				COPY_PHASE_STRIP = YES;
				ENABLE_NS_ASSERTIONS = NO;
				GCC_C_LANGUAGE_STANDARD = gnu99;
				GCC_WARN_64_TO_32_BIT_CONVERSION = YES;
				GCC_WARN_ABOUT_RETURN_TYPE = YES_ERROR;
				GCC_WARN_UNDECLARED_SELECTOR = YES;
				GCC_WARN_UNINITIALIZED_AUTOS = YES;
				GCC_WARN_UNUSED_FUNCTION = YES;
				GCC_WARN_UNUSED_VARIABLE = YES;
				IPHONEOS_DEPLOYMENT_TARGET = 7.0;
				SDKROOT = iphoneos;
				TARGETED_DEVICE_FAMILY = "1,2";
				VALIDATE_PRODUCT = YES;
			};
			name = Release;
		};
		DD543A62186D594A00C4780B /* Debug */ = {
			isa = XCBuildConfiguration;
			buildSettings = {
				ASSETCATALOG_COMPILER_APPICON_NAME = AppIcon;
				ASSETCATALOG_COMPILER_LAUNCHIMAGE_NAME = LaunchImage;
				GCC_PRECOMPILE_PREFIX_HEADER = YES;
				GCC_PREFIX_HEADER = "RelaxnListen/RelaxnListen-Prefix.pch";
				INFOPLIST_FILE = "RelaxnListen/RelaxnListen-Info.plist";
				PRODUCT_NAME = "$(TARGET_NAME)";
				WRAPPER_EXTENSION = app;
			};
			name = Debug;
		};
		DD543A63186D594A00C4780B /* Release */ = {
			isa = XCBuildConfiguration;
			buildSettings = {
				ASSETCATALOG_COMPILER_APPICON_NAME = AppIcon;
				ASSETCATALOG_COMPILER_LAUNCHIMAGE_NAME = LaunchImage;
				GCC_PRECOMPILE_PREFIX_HEADER = YES;
				GCC_PREFIX_HEADER = "RelaxnListen/RelaxnListen-Prefix.pch";
				INFOPLIST_FILE = "RelaxnListen/RelaxnListen-Info.plist";
				PRODUCT_NAME = "$(TARGET_NAME)";
				WRAPPER_EXTENSION = app;
			};
			name = Release;
		};
		DD543A65186D594A00C4780B /* Debug */ = {
			isa = XCBuildConfiguration;
			buildSettings = {
				ARCHS = "$(ARCHS_STANDARD_INCLUDING_64_BIT)";
				BUNDLE_LOADER = "$(BUILT_PRODUCTS_DIR)/RelaxnListen.app/RelaxnListen";
				FRAMEWORK_SEARCH_PATHS = (
					"$(SDKROOT)/Developer/Library/Frameworks",
					"$(inherited)",
					"$(DEVELOPER_FRAMEWORKS_DIR)",
				);
				GCC_PRECOMPILE_PREFIX_HEADER = YES;
				GCC_PREFIX_HEADER = "RelaxnListen/RelaxnListen-Prefix.pch";
				GCC_PREPROCESSOR_DEFINITIONS = (
					"DEBUG=1",
					"$(inherited)",
				);
				INFOPLIST_FILE = "RelaxnListenTests/RelaxnListenTests-Info.plist";
				PRODUCT_NAME = "$(TARGET_NAME)";
				TEST_HOST = "$(BUNDLE_LOADER)";
				WRAPPER_EXTENSION = xctest;
			};
			name = Debug;
		};
		DD543A66186D594A00C4780B /* Release */ = {
			isa = XCBuildConfiguration;
			buildSettings = {
				ARCHS = "$(ARCHS_STANDARD_INCLUDING_64_BIT)";
				BUNDLE_LOADER = "$(BUILT_PRODUCTS_DIR)/RelaxnListen.app/RelaxnListen";
				FRAMEWORK_SEARCH_PATHS = (
					"$(SDKROOT)/Developer/Library/Frameworks",
					"$(inherited)",
					"$(DEVELOPER_FRAMEWORKS_DIR)",
				);
				GCC_PRECOMPILE_PREFIX_HEADER = YES;
				GCC_PREFIX_HEADER = "RelaxnListen/RelaxnListen-Prefix.pch";
				INFOPLIST_FILE = "RelaxnListenTests/RelaxnListenTests-Info.plist";
				PRODUCT_NAME = "$(TARGET_NAME)";
				TEST_HOST = "$(BUNDLE_LOADER)";
				WRAPPER_EXTENSION = xctest;
			};
			name = Release;
		};
/* End XCBuildConfiguration section */

/* Begin XCConfigurationList section */
		DD543A27186D594A00C4780B /* Build configuration list for PBXProject "RelaxnListen" */ = {
			isa = XCConfigurationList;
			buildConfigurations = (
				DD543A5F186D594A00C4780B /* Debug */,
				DD543A60186D594A00C4780B /* Release */,
			);
			defaultConfigurationIsVisible = 0;
			defaultConfigurationName = Release;
		};
		DD543A61186D594A00C4780B /* Build configuration list for PBXNativeTarget "RelaxnListen" */ = {
			isa = XCConfigurationList;
			buildConfigurations = (
				DD543A62186D594A00C4780B /* Debug */,
				DD543A63186D594A00C4780B /* Release */,
			);
			defaultConfigurationIsVisible = 0;
		};
		DD543A64186D594A00C4780B /* Build configuration list for PBXNativeTarget "RelaxnListenTests" */ = {
			isa = XCConfigurationList;
			buildConfigurations = (
				DD543A65186D594A00C4780B /* Debug */,
				DD543A66186D594A00C4780B /* Release */,
			);
			defaultConfigurationIsVisible = 0;
		};
/* End XCConfigurationList section */
	};
	rootObject = DD543A24186D594A00C4780B /* Project object */;
}
