// !$*UTF8*$!
{
	archiveVersion = 1;
	classes = {
	};
	objectVersion = 46;
	objects = {

/* Begin PBXBuildFile section */
		DD3D2E4418854B0300C74F54 /* Icon.png in Resources */ = {isa = PBXBuildFile; fileRef = DD3D2E2718854B0300C74F54 /* Icon.png */; };
		DD3D2E4518854B0300C74F54 /* Icon@2x.png in Resources */ = {isa = PBXBuildFile; fileRef = DD3D2E2818854B0300C74F54 /* Icon@2x.png */; };
		DD3D2E4618854B0300C74F54 /* button.png in Resources */ = {isa = PBXBuildFile; fileRef = DD3D2E2918854B0300C74F54 /* button.png */; };
		DD3D2E4718854B0300C74F54 /* button@2x.png in Resources */ = {isa = PBXBuildFile; fileRef = DD3D2E2A18854B0300C74F54 /* button@2x.png */; };
		DD3D2E4818854B0300C74F54 /* Default.png in Resources */ = {isa = PBXBuildFile; fileRef = DD3D2E2B18854B0300C74F54 /* Default.png */; };
		DD3D2E4918854B0300C74F54 /* Default@2x.png in Resources */ = {isa = PBXBuildFile; fileRef = DD3D2E2C18854B0300C74F54 /* Default@2x.png */; };
		DD3D2E4A18854B0300C74F54 /* Icon-72.png in Resources */ = {isa = PBXBuildFile; fileRef = DD3D2E2D18854B0300C74F54 /* Icon-72.png */; };
		DD3D2E4B18854B0300C74F54 /* Icon-72@2x.png in Resources */ = {isa = PBXBuildFile; fileRef = DD3D2E2E18854B0300C74F54 /* Icon-72@2x.png */; };
		DD3D2E4C18854B0300C74F54 /* Icon-Small-50.png in Resources */ = {isa = PBXBuildFile; fileRef = DD3D2E2F18854B0300C74F54 /* Icon-Small-50.png */; };
		DD3D2E4D18854B0300C74F54 /* Icon-Small-50@2x.png in Resources */ = {isa = PBXBuildFile; fileRef = DD3D2E3018854B0300C74F54 /* Icon-Small-50@2x.png */; };
		DD3D2E4E18854B0300C74F54 /* Icon-Small.png in Resources */ = {isa = PBXBuildFile; fileRef = DD3D2E3118854B0300C74F54 /* Icon-Small.png */; };
		DD3D2E4F18854B0300C74F54 /* Icon-Small@2x.png in Resources */ = {isa = PBXBuildFile; fileRef = DD3D2E3218854B0300C74F54 /* Icon-Small@2x.png */; };
		DD3D2E5018854B0300C74F54 /* iTunesArtwork.png in Resources */ = {isa = PBXBuildFile; fileRef = DD3D2E3318854B0300C74F54 /* iTunesArtwork.png */; };
		DD3D2E5118854B0300C74F54 /* iTunesArtwork@2x.png in Resources */ = {isa = PBXBuildFile; fileRef = DD3D2E3418854B0300C74F54 /* iTunesArtwork@2x.png */; };
		DD3D2E5218854B0300C74F54 /* pause.png in Resources */ = {isa = PBXBuildFile; fileRef = DD3D2E3518854B0300C74F54 /* pause.png */; };
		DD3D2E5318854B0300C74F54 /* pause@2x.png in Resources */ = {isa = PBXBuildFile; fileRef = DD3D2E3618854B0300C74F54 /* pause@2x.png */; };
		DD3D2E5418854B0300C74F54 /* play.png in Resources */ = {isa = PBXBuildFile; fileRef = DD3D2E3718854B0300C74F54 /* play.png */; };
		DD3D2E5518854B0300C74F54 /* play@2x.png in Resources */ = {isa = PBXBuildFile; fileRef = DD3D2E3818854B0300C74F54 /* play@2x.png */; };
		DD3D2E5618854B0300C74F54 /* settingsbtn.png in Resources */ = {isa = PBXBuildFile; fileRef = DD3D2E3918854B0300C74F54 /* settingsbtn.png */; };
		DD3D2E5718854B0300C74F54 /* settingsbtn@2x.png in Resources */ = {isa = PBXBuildFile; fileRef = DD3D2E3A18854B0300C74F54 /* settingsbtn@2x.png */; };
		DD3D2E5818854B0300C74F54 /* skipnext.png in Resources */ = {isa = PBXBuildFile; fileRef = DD3D2E3B18854B0300C74F54 /* skipnext.png */; };
		DD3D2E5918854B0300C74F54 /* skipnext@2x.png in Resources */ = {isa = PBXBuildFile; fileRef = DD3D2E3C18854B0300C74F54 /* skipnext@2x.png */; };
		DD3D2E5A18854B0300C74F54 /* skipnextchunk.png in Resources */ = {isa = PBXBuildFile; fileRef = DD3D2E3D18854B0300C74F54 /* skipnextchunk.png */; };
		DD3D2E5B18854B0300C74F54 /* skipnextchunk@2x.png in Resources */ = {isa = PBXBuildFile; fileRef = DD3D2E3E18854B0300C74F54 /* skipnextchunk@2x.png */; };
		DD3D2E5C18854B0300C74F54 /* skipprev.png in Resources */ = {isa = PBXBuildFile; fileRef = DD3D2E3F18854B0300C74F54 /* skipprev.png */; };
		DD3D2E5D18854B0300C74F54 /* skipprev@2x.png in Resources */ = {isa = PBXBuildFile; fileRef = DD3D2E4018854B0300C74F54 /* skipprev@2x.png */; };
		DD3D2E5E18854B0300C74F54 /* skipprevchunk.png in Resources */ = {isa = PBXBuildFile; fileRef = DD3D2E4118854B0300C74F54 /* skipprevchunk.png */; };
		DD3D2E5F18854B0300C74F54 /* skipprevchunk@2x.png in Resources */ = {isa = PBXBuildFile; fileRef = DD3D2E4218854B0300C74F54 /* skipprevchunk@2x.png */; };
		DD3D2E6618854D4300C74F54 /* app_icon.png in Resources */ = {isa = PBXBuildFile; fileRef = DD3D2E6018854D4300C74F54 /* app_icon.png */; };
		DD3D2E6718854D4300C74F54 /* Default-568h@2x.png in Resources */ = {isa = PBXBuildFile; fileRef = DD3D2E6118854D4300C74F54 /* Default-568h@2x.png */; };
		DD3D2E6818854D4300C74F54 /* Icon40.png in Resources */ = {isa = PBXBuildFile; fileRef = DD3D2E6218854D4300C74F54 /* Icon40.png */; };
		DD3D2E6918854D4300C74F54 /* Icon60.png in Resources */ = {isa = PBXBuildFile; fileRef = DD3D2E6318854D4300C74F54 /* Icon60.png */; };
		DD3D2E6A18854D4300C74F54 /* Icon80.png in Resources */ = {isa = PBXBuildFile; fileRef = DD3D2E6418854D4300C74F54 /* Icon80.png */; };
		DD3D2E6B18854D4300C74F54 /* Icon120.png in Resources */ = {isa = PBXBuildFile; fileRef = DD3D2E6518854D4300C74F54 /* Icon120.png */; };
		DD3D2E6E189A41D400C74F54 /* SettingsController.m in Sources */ = {isa = PBXBuildFile; fileRef = DD3D2E6D189A41D400C74F54 /* SettingsController.m */; };
		DD4C8F2A187E8D4B0041F81A /* PlayedViewController.m in Sources */ = {isa = PBXBuildFile; fileRef = DD4C8F28187E8D4B0041F81A /* PlayedViewController.m */; };
		DD4C8F2E187E8D800041F81A /* PlayedItemCell.m in Sources */ = {isa = PBXBuildFile; fileRef = DD4C8F2D187E8D800041F81A /* PlayedItemCell.m */; };
		DD4C8F31187E960A0041F81A /* PlayedItem.m in Sources */ = {isa = PBXBuildFile; fileRef = DD4C8F30187E960A0041F81A /* PlayedItem.m */; };
		DD4C8F34187E96920041F81A /* MediaItemPropertyHelper.m in Sources */ = {isa = PBXBuildFile; fileRef = DD4C8F33187E96920041F81A /* MediaItemPropertyHelper.m */; };
		DD543A30186D594A00C4780B /* Foundation.framework in Frameworks */ = {isa = PBXBuildFile; fileRef = DD543A2F186D594A00C4780B /* Foundation.framework */; };
		DD543A32186D594A00C4780B /* CoreGraphics.framework in Frameworks */ = {isa = PBXBuildFile; fileRef = DD543A31186D594A00C4780B /* CoreGraphics.framework */; };
		DD543A34186D594A00C4780B /* UIKit.framework in Frameworks */ = {isa = PBXBuildFile; fileRef = DD543A33186D594A00C4780B /* UIKit.framework */; };
		DD543A3A186D594A00C4780B /* InfoPlist.strings in Resources */ = {isa = PBXBuildFile; fileRef = DD543A38186D594A00C4780B /* InfoPlist.strings */; };
		DD543A3C186D594A00C4780B /* main.m in Sources */ = {isa = PBXBuildFile; fileRef = DD543A3B186D594A00C4780B /* main.m */; };
		DD543A40186D594A00C4780B /* AppDelegate.m in Sources */ = {isa = PBXBuildFile; fileRef = DD543A3F186D594A00C4780B /* AppDelegate.m */; };
		DD543A43186D594A00C4780B /* Main_iPhone.storyboard in Resources */ = {isa = PBXBuildFile; fileRef = DD543A41186D594A00C4780B /* Main_iPhone.storyboard */; };
		DD543A49186D594A00C4780B /* ViewController.m in Sources */ = {isa = PBXBuildFile; fileRef = DD543A48186D594A00C4780B /* ViewController.m */; };
		DD543A4B186D594A00C4780B /* Images.xcassets in Resources */ = {isa = PBXBuildFile; fileRef = DD543A4A186D594A00C4780B /* Images.xcassets */; };
		DD543A53186D594A00C4780B /* Foundation.framework in Frameworks */ = {isa = PBXBuildFile; fileRef = DD543A2F186D594A00C4780B /* Foundation.framework */; };
		DD543A54186D594A00C4780B /* UIKit.framework in Frameworks */ = {isa = PBXBuildFile; fileRef = DD543A33186D594A00C4780B /* UIKit.framework */; };
		DD543A5C186D594A00C4780B /* InfoPlist.strings in Resources */ = {isa = PBXBuildFile; fileRef = DD543A5A186D594A00C4780B /* InfoPlist.strings */; };
		DD543A68186EDE5B00C4780B /* MediaPlayer.framework in Frameworks */ = {isa = PBXBuildFile; fileRef = DD543A67186EDE5B00C4780B /* MediaPlayer.framework */; };
		DD543A6B186EED2700C4780B /* Storage.m in Sources */ = {isa = PBXBuildFile; fileRef = DD543A6A186EED2700C4780B /* Storage.m */; };
		DD543A6E1871224E00C4780B /* Settings.m in Sources */ = {isa = PBXBuildFile; fileRef = DD543A6D1871224E00C4780B /* Settings.m */; };
/* End PBXBuildFile section */

/* Begin PBXContainerItemProxy section */
		DD543A55186D594A00C4780B /* PBXContainerItemProxy */ = {
			isa = PBXContainerItemProxy;
			containerPortal = DD543A24186D594A00C4780B /* Project object */;
			proxyType = 1;
			remoteGlobalIDString = DD543A2B186D594A00C4780B;
			remoteInfo = RelaxnListen;
		};
/* End PBXContainerItemProxy section */

/* Begin PBXFileReference section */
		DD3D2E2718854B0300C74F54 /* Icon.png */ = {isa = PBXFileReference; lastKnownFileType = image.png; path = Icon.png; sourceTree = "<group>"; };
		DD3D2E2818854B0300C74F54 /* Icon@2x.png */ = {isa = PBXFileReference; lastKnownFileType = image.png; path = "Icon@2x.png"; sourceTree = "<group>"; };
		DD3D2E2918854B0300C74F54 /* button.png */ = {isa = PBXFileReference; lastKnownFileType = image.png; path = button.png; sourceTree = "<group>"; };
		DD3D2E2A18854B0300C74F54 /* button@2x.png */ = {isa = PBXFileReference; lastKnownFileType = image.png; path = "button@2x.png"; sourceTree = "<group>"; };
		DD3D2E2B18854B0300C74F54 /* Default.png */ = {isa = PBXFileReference; lastKnownFileType = image.png; path = Default.png; sourceTree = "<group>"; };
		DD3D2E2C18854B0300C74F54 /* Default@2x.png */ = {isa = PBXFileReference; lastKnownFileType = image.png; path = "Default@2x.png"; sourceTree = "<group>"; };
		DD3D2E2D18854B0300C74F54 /* Icon-72.png */ = {isa = PBXFileReference; lastKnownFileType = image.png; path = "Icon-72.png"; sourceTree = "<group>"; };
		DD3D2E2E18854B0300C74F54 /* Icon-72@2x.png */ = {isa = PBXFileReference; lastKnownFileType = image.png; path = "Icon-72@2x.png"; sourceTree = "<group>"; };
		DD3D2E2F18854B0300C74F54 /* Icon-Small-50.png */ = {isa = PBXFileReference; lastKnownFileType = image.png; path = "Icon-Small-50.png"; sourceTree = "<group>"; };
		DD3D2E3018854B0300C74F54 /* Icon-Small-50@2x.png */ = {isa = PBXFileReference; lastKnownFileType = image.png; path = "Icon-Small-50@2x.png"; sourceTree = "<group>"; };
		DD3D2E3118854B0300C74F54 /* Icon-Small.png */ = {isa = PBXFileReference; lastKnownFileType = image.png; path = "Icon-Small.png"; sourceTree = "<group>"; };
		DD3D2E3218854B0300C74F54 /* Icon-Small@2x.png */ = {isa = PBXFileReference; lastKnownFileType = image.png; path = "Icon-Small@2x.png"; sourceTree = "<group>"; };
		DD3D2E3318854B0300C74F54 /* iTunesArtwork.png */ = {isa = PBXFileReference; lastKnownFileType = image.png; path = iTunesArtwork.png; sourceTree = "<group>"; };
		DD3D2E3418854B0300C74F54 /* iTunesArtwork@2x.png */ = {isa = PBXFileReference; lastKnownFileType = image.png; path = "iTunesArtwork@2x.png"; sourceTree = "<group>"; };
		DD3D2E3518854B0300C74F54 /* pause.png */ = {isa = PBXFileReference; lastKnownFileType = image.png; path = pause.png; sourceTree = "<group>"; };
		DD3D2E3618854B0300C74F54 /* pause@2x.png */ = {isa = PBXFileReference; lastKnownFileType = image.png; path = "pause@2x.png"; sourceTree = "<group>"; };
		DD3D2E3718854B0300C74F54 /* play.png */ = {isa = PBXFileReference; lastKnownFileType = image.png; path = play.png; sourceTree = "<group>"; };
		DD3D2E3818854B0300C74F54 /* play@2x.png */ = {isa = PBXFileReference; lastKnownFileType = image.png; path = "play@2x.png"; sourceTree = "<group>"; };
		DD3D2E3918854B0300C74F54 /* settingsbtn.png */ = {isa = PBXFileReference; lastKnownFileType = image.png; path = settingsbtn.png; sourceTree = "<group>"; };
		DD3D2E3A18854B0300C74F54 /* settingsbtn@2x.png */ = {isa = PBXFileReference; lastKnownFileType = image.png; path = "settingsbtn@2x.png"; sourceTree = "<group>"; };
		DD3D2E3B18854B0300C74F54 /* skipnext.png */ = {isa = PBXFileReference; lastKnownFileType = image.png; path = skipnext.png; sourceTree = "<group>"; };
		DD3D2E3C18854B0300C74F54 /* skipnext@2x.png */ = {isa = PBXFileReference; lastKnownFileType = image.png; path = "skipnext@2x.png"; sourceTree = "<group>"; };
		DD3D2E3D18854B0300C74F54 /* skipnextchunk.png */ = {isa = PBXFileReference; lastKnownFileType = image.png; path = skipnextchunk.png; sourceTree = "<group>"; };
		DD3D2E3E18854B0300C74F54 /* skipnextchunk@2x.png */ = {isa = PBXFileReference; lastKnownFileType = image.png; path = "skipnextchunk@2x.png"; sourceTree = "<group>"; };
		DD3D2E3F18854B0300C74F54 /* skipprev.png */ = {isa = PBXFileReference; lastKnownFileType = image.png; path = skipprev.png; sourceTree = "<group>"; };
		DD3D2E4018854B0300C74F54 /* skipprev@2x.png */ = {isa = PBXFileReference; lastKnownFileType = image.png; path = "skipprev@2x.png"; sourceTree = "<group>"; };
		DD3D2E4118854B0300C74F54 /* skipprevchunk.png */ = {isa = PBXFileReference; lastKnownFileType = image.png; path = skipprevchunk.png; sourceTree = "<group>"; };
		DD3D2E4218854B0300C74F54 /* skipprevchunk@2x.png */ = {isa = PBXFileReference; lastKnownFileType = image.png; path = "skipprevchunk@2x.png"; sourceTree = "<group>"; };
		DD3D2E6018854D4300C74F54 /* app_icon.png */ = {isa = PBXFileReference; lastKnownFileType = image.png; path = app_icon.png; sourceTree = "<group>"; };
		DD3D2E6118854D4300C74F54 /* Default-568h@2x.png */ = {isa = PBXFileReference; lastKnownFileType = image.png; path = "Default-568h@2x.png"; sourceTree = "<group>"; };
		DD3D2E6218854D4300C74F54 /* Icon40.png */ = {isa = PBXFileReference; lastKnownFileType = image.png; path = Icon40.png; sourceTree = "<group>"; };
		DD3D2E6318854D4300C74F54 /* Icon60.png */ = {isa = PBXFileReference; lastKnownFileType = image.png; path = Icon60.png; sourceTree = "<group>"; };
		DD3D2E6418854D4300C74F54 /* Icon80.png */ = {isa = PBXFileReference; lastKnownFileType = image.png; path = Icon80.png; sourceTree = "<group>"; };
		DD3D2E6518854D4300C74F54 /* Icon120.png */ = {isa = PBXFileReference; lastKnownFileType = image.png; path = Icon120.png; sourceTree = "<group>"; };
		DD3D2E6C189A41D400C74F54 /* SettingsController.h */ = {isa = PBXFileReference; fileEncoding = 4; lastKnownFileType = sourcecode.c.h; path = SettingsController.h; sourceTree = "<group>"; };
		DD3D2E6D189A41D400C74F54 /* SettingsController.m */ = {isa = PBXFileReference; fileEncoding = 4; lastKnownFileType = sourcecode.c.objc; path = SettingsController.m; sourceTree = "<group>"; };
		DD4C8F27187E8D4B0041F81A /* PlayedViewController.h */ = {isa = PBXFileReference; fileEncoding = 4; lastKnownFileType = sourcecode.c.h; path = PlayedViewController.h; sourceTree = "<group>"; };
		DD4C8F28187E8D4B0041F81A /* PlayedViewController.m */ = {isa = PBXFileReference; fileEncoding = 4; lastKnownFileType = sourcecode.c.objc; path = PlayedViewController.m; sourceTree = "<group>"; };
		DD4C8F2C187E8D800041F81A /* PlayedItemCell.h */ = {isa = PBXFileReference; fileEncoding = 4; lastKnownFileType = sourcecode.c.h; path = PlayedItemCell.h; sourceTree = "<group>"; };
		DD4C8F2D187E8D800041F81A /* PlayedItemCell.m */ = {isa = PBXFileReference; fileEncoding = 4; lastKnownFileType = sourcecode.c.objc; path = PlayedItemCell.m; sourceTree = "<group>"; };
		DD4C8F2F187E960A0041F81A /* PlayedItem.h */ = {isa = PBXFileReference; fileEncoding = 4; lastKnownFileType = sourcecode.c.h; path = PlayedItem.h; sourceTree = "<group>"; };
		DD4C8F30187E960A0041F81A /* PlayedItem.m */ = {isa = PBXFileReference; fileEncoding = 4; lastKnownFileType = sourcecode.c.objc; path = PlayedItem.m; sourceTree = "<group>"; };
		DD4C8F32187E96920041F81A /* MediaItemPropertyHelper.h */ = {isa = PBXFileReference; fileEncoding = 4; lastKnownFileType = sourcecode.c.h; path = MediaItemPropertyHelper.h; sourceTree = "<group>"; };
		DD4C8F33187E96920041F81A /* MediaItemPropertyHelper.m */ = {isa = PBXFileReference; fileEncoding = 4; lastKnownFileType = sourcecode.c.objc; path = MediaItemPropertyHelper.m; sourceTree = "<group>"; };
		DD543A2C186D594A00C4780B /* Lazy-Listener.app */ = {isa = PBXFileReference; explicitFileType = wrapper.application; includeInIndex = 0; path = "Lazy-Listener.app"; sourceTree = BUILT_PRODUCTS_DIR; };
		DD543A2F186D594A00C4780B /* Foundation.framework */ = {isa = PBXFileReference; lastKnownFileType = wrapper.framework; name = Foundation.framework; path = System/Library/Frameworks/Foundation.framework; sourceTree = SDKROOT; };
		DD543A31186D594A00C4780B /* CoreGraphics.framework */ = {isa = PBXFileReference; lastKnownFileType = wrapper.framework; name = CoreGraphics.framework; path = System/Library/Frameworks/CoreGraphics.framework; sourceTree = SDKROOT; };
		DD543A33186D594A00C4780B /* UIKit.framework */ = {isa = PBXFileReference; lastKnownFileType = wrapper.framework; name = UIKit.framework; path = System/Library/Frameworks/UIKit.framework; sourceTree = SDKROOT; };
		DD543A37186D594A00C4780B /* RelaxnListen-Info.plist */ = {isa = PBXFileReference; lastKnownFileType = text.plist.xml; path = "RelaxnListen-Info.plist"; sourceTree = "<group>"; };
		DD543A39186D594A00C4780B /* en */ = {isa = PBXFileReference; lastKnownFileType = text.plist.strings; name = en; path = en.lproj/InfoPlist.strings; sourceTree = "<group>"; };
		DD543A3B186D594A00C4780B /* main.m */ = {isa = PBXFileReference; lastKnownFileType = sourcecode.c.objc; path = main.m; sourceTree = "<group>"; };
		DD543A3D186D594A00C4780B /* RelaxnListen-Prefix.pch */ = {isa = PBXFileReference; lastKnownFileType = sourcecode.c.h; path = "RelaxnListen-Prefix.pch"; sourceTree = "<group>"; };
		DD543A3E186D594A00C4780B /* AppDelegate.h */ = {isa = PBXFileReference; lastKnownFileType = sourcecode.c.h; path = AppDelegate.h; sourceTree = "<group>"; };
		DD543A3F186D594A00C4780B /* AppDelegate.m */ = {isa = PBXFileReference; lastKnownFileType = sourcecode.c.objc; path = AppDelegate.m; sourceTree = "<group>"; };
		DD543A42186D594A00C4780B /* Base */ = {isa = PBXFileReference; lastKnownFileType = file.storyboard; name = Base; path = Base.lproj/Main_iPhone.storyboard; sourceTree = "<group>"; };
		DD543A47186D594A00C4780B /* ViewController.h */ = {isa = PBXFileReference; lastKnownFileType = sourcecode.c.h; path = ViewController.h; sourceTree = "<group>"; };
		DD543A48186D594A00C4780B /* ViewController.m */ = {isa = PBXFileReference; lastKnownFileType = sourcecode.c.objc; path = ViewController.m; sourceTree = "<group>"; };
		DD543A4A186D594A00C4780B /* Images.xcassets */ = {isa = PBXFileReference; lastKnownFileType = folder.assetcatalog; path = Images.xcassets; sourceTree = "<group>"; };
		DD543A50186D594A00C4780B /* RelaxnListenTests.xctest */ = {isa = PBXFileReference; explicitFileType = wrapper.cfbundle; includeInIndex = 0; path = RelaxnListenTests.xctest; sourceTree = BUILT_PRODUCTS_DIR; };
		DD543A59186D594A00C4780B /* RelaxnListenTests-Info.plist */ = {isa = PBXFileReference; lastKnownFileType = text.plist.xml; path = "RelaxnListenTests-Info.plist"; sourceTree = "<group>"; };
		DD543A5B186D594A00C4780B /* en */ = {isa = PBXFileReference; lastKnownFileType = text.plist.strings; name = en; path = en.lproj/InfoPlist.strings; sourceTree = "<group>"; };
		DD543A5D186D594A00C4780B /* RelaxnListenTests.m */ = {isa = PBXFileReference; lastKnownFileType = sourcecode.c.objc; path = RelaxnListenTests.m; sourceTree = "<group>"; };
		DD543A67186EDE5B00C4780B /* MediaPlayer.framework */ = {isa = PBXFileReference; lastKnownFileType = wrapper.framework; name = MediaPlayer.framework; path = System/Library/Frameworks/MediaPlayer.framework; sourceTree = SDKROOT; };
		DD543A69186EED2700C4780B /* Storage.h */ = {isa = PBXFileReference; fileEncoding = 4; lastKnownFileType = sourcecode.c.h; path = Storage.h; sourceTree = "<group>"; };
		DD543A6A186EED2700C4780B /* Storage.m */ = {isa = PBXFileReference; fileEncoding = 4; lastKnownFileType = sourcecode.c.objc; path = Storage.m; sourceTree = "<group>"; };
		DD543A6C1871224E00C4780B /* Settings.h */ = {isa = PBXFileReference; fileEncoding = 4; lastKnownFileType = sourcecode.c.h; path = Settings.h; sourceTree = "<group>"; };
		DD543A6D1871224E00C4780B /* Settings.m */ = {isa = PBXFileReference; fileEncoding = 4; lastKnownFileType = sourcecode.c.objc; path = Settings.m; sourceTree = "<group>"; };
		DD543A6F1871244200C4780B /* Constants.h */ = {isa = PBXFileReference; lastKnownFileType = sourcecode.c.h; path = Constants.h; sourceTree = "<group>"; };
/* End PBXFileReference section */

/* Begin PBXFrameworksBuildPhase section */
		DD543A29186D594A00C4780B /* Frameworks */ = {
			isa = PBXFrameworksBuildPhase;
			buildActionMask = 2147483647;
			files = (
				DD543A68186EDE5B00C4780B /* MediaPlayer.framework in Frameworks */,
				DD543A32186D594A00C4780B /* CoreGraphics.framework in Frameworks */,
				DD543A34186D594A00C4780B /* UIKit.framework in Frameworks */,
				DD543A30186D594A00C4780B /* Foundation.framework in Frameworks */,
			);
			runOnlyForDeploymentPostprocessing = 0;
		};
		DD543A4D186D594A00C4780B /* Frameworks */ = {
			isa = PBXFrameworksBuildPhase;
			buildActionMask = 2147483647;
			files = (
				DD543A54186D594A00C4780B /* UIKit.framework in Frameworks */,
				DD543A53186D594A00C4780B /* Foundation.framework in Frameworks */,
			);
			runOnlyForDeploymentPostprocessing = 0;
		};
/* End PBXFrameworksBuildPhase section */

/* Begin PBXGroup section */
		DD3D2E2418854B0300C74F54 /* Resource */ = {
			isa = PBXGroup;
			children = (
				DD3D2E2518854B0300C74F54 /* Image */,
			);
			path = Resource;
			sourceTree = "<group>";
		};
		DD3D2E2518854B0300C74F54 /* Image */ = {
			isa = PBXGroup;
			children = (
				DD3D2E6018854D4300C74F54 /* app_icon.png */,
				DD3D2E6118854D4300C74F54 /* Default-568h@2x.png */,
				DD3D2E6218854D4300C74F54 /* Icon40.png */,
				DD3D2E6318854D4300C74F54 /* Icon60.png */,
				DD3D2E6418854D4300C74F54 /* Icon80.png */,
				DD3D2E6518854D4300C74F54 /* Icon120.png */,
				DD3D2E2718854B0300C74F54 /* Icon.png */,
				DD3D2E2818854B0300C74F54 /* Icon@2x.png */,
				DD3D2E2918854B0300C74F54 /* button.png */,
				DD3D2E2A18854B0300C74F54 /* button@2x.png */,
				DD3D2E2B18854B0300C74F54 /* Default.png */,
				DD3D2E2C18854B0300C74F54 /* Default@2x.png */,
				DD3D2E2D18854B0300C74F54 /* Icon-72.png */,
				DD3D2E2E18854B0300C74F54 /* Icon-72@2x.png */,
				DD3D2E2F18854B0300C74F54 /* Icon-Small-50.png */,
				DD3D2E3018854B0300C74F54 /* Icon-Small-50@2x.png */,
				DD3D2E3118854B0300C74F54 /* Icon-Small.png */,
				DD3D2E3218854B0300C74F54 /* Icon-Small@2x.png */,
				DD3D2E3318854B0300C74F54 /* iTunesArtwork.png */,
				DD3D2E3418854B0300C74F54 /* iTunesArtwork@2x.png */,
				DD3D2E3518854B0300C74F54 /* pause.png */,
				DD3D2E3618854B0300C74F54 /* pause@2x.png */,
				DD3D2E3718854B0300C74F54 /* play.png */,
				DD3D2E3818854B0300C74F54 /* play@2x.png */,
				DD3D2E3918854B0300C74F54 /* settingsbtn.png */,
				DD3D2E3A18854B0300C74F54 /* settingsbtn@2x.png */,
				DD3D2E3B18854B0300C74F54 /* skipnext.png */,
				DD3D2E3C18854B0300C74F54 /* skipnext@2x.png */,
				DD3D2E3D18854B0300C74F54 /* skipnextchunk.png */,
				DD3D2E3E18854B0300C74F54 /* skipnextchunk@2x.png */,
				DD3D2E3F18854B0300C74F54 /* skipprev.png */,
				DD3D2E4018854B0300C74F54 /* skipprev@2x.png */,
				DD3D2E4118854B0300C74F54 /* skipprevchunk.png */,
				DD3D2E4218854B0300C74F54 /* skipprevchunk@2x.png */,
			);
			path = Image;
			sourceTree = "<group>";
		};
		DD543A23186D594A00C4780B = {
			isa = PBXGroup;
			children = (
				DD543A35186D594A00C4780B /* RelaxnListen */,
				DD543A57186D594A00C4780B /* RelaxnListenTests */,
				DD543A2E186D594A00C4780B /* Frameworks */,
				DD543A2D186D594A00C4780B /* Products */,
			);
			sourceTree = "<group>";
		};
		DD543A2D186D594A00C4780B /* Products */ = {
			isa = PBXGroup;
			children = (
				DD543A2C186D594A00C4780B /* Lazy-Listener.app */,
				DD543A50186D594A00C4780B /* RelaxnListenTests.xctest */,
			);
			name = Products;
			sourceTree = "<group>";
		};
		DD543A2E186D594A00C4780B /* Frameworks */ = {
			isa = PBXGroup;
			children = (
				DD543A67186EDE5B00C4780B /* MediaPlayer.framework */,
				DD543A2F186D594A00C4780B /* Foundation.framework */,
				DD543A31186D594A00C4780B /* CoreGraphics.framework */,
				DD543A33186D594A00C4780B /* UIKit.framework */,
			);
			name = Frameworks;
			sourceTree = "<group>";
		};
		DD543A35186D594A00C4780B /* RelaxnListen */ = {
			isa = PBXGroup;
			children = (
				DD3D2E2418854B0300C74F54 /* Resource */,
				DD543A3E186D594A00C4780B /* AppDelegate.h */,
				DD543A3F186D594A00C4780B /* AppDelegate.m */,
				DD543A41186D594A00C4780B /* Main_iPhone.storyboard */,
				DD543A47186D594A00C4780B /* ViewController.h */,
				DD543A48186D594A00C4780B /* ViewController.m */,
				DD543A4A186D594A00C4780B /* Images.xcassets */,
				DD543A36186D594A00C4780B /* Supporting Files */,
				DD543A69186EED2700C4780B /* Storage.h */,
				DD543A6A186EED2700C4780B /* Storage.m */,
				DD543A6C1871224E00C4780B /* Settings.h */,
				DD543A6D1871224E00C4780B /* Settings.m */,
				DD543A6F1871244200C4780B /* Constants.h */,
				DD4C8F27187E8D4B0041F81A /* PlayedViewController.h */,
				DD4C8F28187E8D4B0041F81A /* PlayedViewController.m */,
				DD4C8F2C187E8D800041F81A /* PlayedItemCell.h */,
				DD4C8F2D187E8D800041F81A /* PlayedItemCell.m */,
				DD4C8F2F187E960A0041F81A /* PlayedItem.h */,
				DD4C8F30187E960A0041F81A /* PlayedItem.m */,
				DD4C8F32187E96920041F81A /* MediaItemPropertyHelper.h */,
				DD4C8F33187E96920041F81A /* MediaItemPropertyHelper.m */,
				DD3D2E6C189A41D400C74F54 /* SettingsController.h */,
				DD3D2E6D189A41D400C74F54 /* SettingsController.m */,
			);
			path = RelaxnListen;
			sourceTree = "<group>";
		};
		DD543A36186D594A00C4780B /* Supporting Files */ = {
			isa = PBXGroup;
			children = (
				DD543A37186D594A00C4780B /* RelaxnListen-Info.plist */,
				DD543A38186D594A00C4780B /* InfoPlist.strings */,
				DD543A3B186D594A00C4780B /* main.m */,
				DD543A3D186D594A00C4780B /* RelaxnListen-Prefix.pch */,
			);
			name = "Supporting Files";
			sourceTree = "<group>";
		};
		DD543A57186D594A00C4780B /* RelaxnListenTests */ = {
			isa = PBXGroup;
			children = (
				DD543A5D186D594A00C4780B /* RelaxnListenTests.m */,
				DD543A58186D594A00C4780B /* Supporting Files */,
			);
			path = RelaxnListenTests;
			sourceTree = "<group>";
		};
		DD543A58186D594A00C4780B /* Supporting Files */ = {
			isa = PBXGroup;
			children = (
				DD543A59186D594A00C4780B /* RelaxnListenTests-Info.plist */,
				DD543A5A186D594A00C4780B /* InfoPlist.strings */,
			);
			name = "Supporting Files";
			sourceTree = "<group>";
		};
/* End PBXGroup section */

/* Begin PBXNativeTarget section */
		DD543A2B186D594A00C4780B /* RelaxnListen */ = {
			isa = PBXNativeTarget;
			buildConfigurationList = DD543A61186D594A00C4780B /* Build configuration list for PBXNativeTarget "RelaxnListen" */;
			buildPhases = (
				DD543A28186D594A00C4780B /* Sources */,
				DD543A29186D594A00C4780B /* Frameworks */,
				DD543A2A186D594A00C4780B /* Resources */,
			);
			buildRules = (
			);
			dependencies = (
			);
			name = RelaxnListen;
			productName = RelaxnListen;
			productReference = DD543A2C186D594A00C4780B /* Lazy-Listener.app */;
			productType = "com.apple.product-type.application";
		};
		DD543A4F186D594A00C4780B /* RelaxnListenTests */ = {
			isa = PBXNativeTarget;
			buildConfigurationList = DD543A64186D594A00C4780B /* Build configuration list for PBXNativeTarget "RelaxnListenTests" */;
			buildPhases = (
				DD543A4C186D594A00C4780B /* Sources */,
				DD543A4D186D594A00C4780B /* Frameworks */,
				DD543A4E186D594A00C4780B /* Resources */,
			);
			buildRules = (
			);
			dependencies = (
				DD543A56186D594A00C4780B /* PBXTargetDependency */,
			);
			name = RelaxnListenTests;
			productName = RelaxnListenTests;
			productReference = DD543A50186D594A00C4780B /* RelaxnListenTests.xctest */;
			productType = "com.apple.product-type.bundle.unit-test";
		};
/* End PBXNativeTarget section */

/* Begin PBXProject section */
		DD543A24186D594A00C4780B /* Project object */ = {
			isa = PBXProject;
			attributes = {
				LastUpgradeCheck = 0500;
				ORGANIZATIONNAME = Stephen;
				TargetAttributes = {
					DD543A2B186D594A00C4780B = {
						DevelopmentTeam = EJ7HGG66R9;
					};
					DD543A4F186D594A00C4780B = {
						TestTargetID = DD543A2B186D594A00C4780B;
					};
				};
			};
			buildConfigurationList = DD543A27186D594A00C4780B /* Build configuration list for PBXProject "RelaxnListen" */;
			compatibilityVersion = "Xcode 3.2";
			developmentRegion = English;
			hasScannedForEncodings = 0;
			knownRegions = (
				en,
				Base,
			);
			mainGroup = DD543A23186D594A00C4780B;
			productRefGroup = DD543A2D186D594A00C4780B /* Products */;
			projectDirPath = "";
			projectRoot = "";
			targets = (
				DD543A2B186D594A00C4780B /* RelaxnListen */,
				DD543A4F186D594A00C4780B /* RelaxnListenTests */,
			);
		};
/* End PBXProject section */

/* Begin PBXResourcesBuildPhase section */
		DD543A2A186D594A00C4780B /* Resources */ = {
			isa = PBXResourcesBuildPhase;
			buildActionMask = 2147483647;
			files = (
				DD3D2E5A18854B0300C74F54 /* skipnextchunk.png in Resources */,
				DD3D2E4618854B0300C74F54 /* button.png in Resources */,
				DD3D2E5018854B0300C74F54 /* iTunesArtwork.png in Resources */,
				DD3D2E6B18854D4300C74F54 /* Icon120.png in Resources */,
				DD3D2E4818854B0300C74F54 /* Default.png in Resources */,
				DD3D2E5818854B0300C74F54 /* skipnext.png in Resources */,
				DD3D2E5C18854B0300C74F54 /* skipprev.png in Resources */,
				DD3D2E5D18854B0300C74F54 /* skipprev@2x.png in Resources */,
				DD3D2E5618854B0300C74F54 /* settingsbtn.png in Resources */,
				DD3D2E6618854D4300C74F54 /* app_icon.png in Resources */,
				DD3D2E4D18854B0300C74F54 /* Icon-Small-50@2x.png in Resources */,
				DD3D2E6818854D4300C74F54 /* Icon40.png in Resources */,
				DD3D2E4B18854B0300C74F54 /* Icon-72@2x.png in Resources */,
				DD3D2E5E18854B0300C74F54 /* skipprevchunk.png in Resources */,
				DD3D2E5B18854B0300C74F54 /* skipnextchunk@2x.png in Resources */,
				DD3D2E4918854B0300C74F54 /* Default@2x.png in Resources */,
				DD3D2E4A18854B0300C74F54 /* Icon-72.png in Resources */,
				DD3D2E5318854B0300C74F54 /* pause@2x.png in Resources */,
				DD3D2E5518854B0300C74F54 /* play@2x.png in Resources */,
				DD543A4B186D594A00C4780B /* Images.xcassets in Resources */,
				DD3D2E5718854B0300C74F54 /* settingsbtn@2x.png in Resources */,
				DD3D2E4E18854B0300C74F54 /* Icon-Small.png in Resources */,
				DD543A43186D594A00C4780B /* Main_iPhone.storyboard in Resources */,
				DD3D2E4C18854B0300C74F54 /* Icon-Small-50.png in Resources */,
				DD3D2E4518854B0300C74F54 /* Icon@2x.png in Resources */,
				DD3D2E6718854D4300C74F54 /* Default-568h@2x.png in Resources */,
				DD3D2E5918854B0300C74F54 /* skipnext@2x.png in Resources */,
				DD3D2E5418854B0300C74F54 /* play.png in Resources */,
				DD3D2E5218854B0300C74F54 /* pause.png in Resources */,
				DD3D2E6918854D4300C74F54 /* Icon60.png in Resources */,
				DD3D2E5118854B0300C74F54 /* iTunesArtwork@2x.png in Resources */,
				DD3D2E6A18854D4300C74F54 /* Icon80.png in Resources */,
				DD543A3A186D594A00C4780B /* InfoPlist.strings in Resources */,
				DD3D2E4F18854B0300C74F54 /* Icon-Small@2x.png in Resources */,
				DD3D2E4718854B0300C74F54 /* button@2x.png in Resources */,
				DD3D2E5F18854B0300C74F54 /* skipprevchunk@2x.png in Resources */,
				DD3D2E4418854B0300C74F54 /* Icon.png in Resources */,
			);
			runOnlyForDeploymentPostprocessing = 0;
		};
		DD543A4E186D594A00C4780B /* Resources */ = {
			isa = PBXResourcesBuildPhase;
			buildActionMask = 2147483647;
			files = (
				DD543A5C186D594A00C4780B /* InfoPlist.strings in Resources */,
			);
			runOnlyForDeploymentPostprocessing = 0;
		};
/* End PBXResourcesBuildPhase section */

/* Begin PBXSourcesBuildPhase section */
		DD543A28186D594A00C4780B /* Sources */ = {
			isa = PBXSourcesBuildPhase;
			buildActionMask = 2147483647;
			files = (
				DD543A49186D594A00C4780B /* ViewController.m in Sources */,
				DD543A40186D594A00C4780B /* AppDelegate.m in Sources */,
				DD3D2E6E189A41D400C74F54 /* SettingsController.m in Sources */,
				DD4C8F2E187E8D800041F81A /* PlayedItemCell.m in Sources */,
				DD543A6E1871224E00C4780B /* Settings.m in Sources */,
				DD543A6B186EED2700C4780B /* Storage.m in Sources */,
				DD4C8F34187E96920041F81A /* MediaItemPropertyHelper.m in Sources */,
				DD4C8F31187E960A0041F81A /* PlayedItem.m in Sources */,
				DD543A3C186D594A00C4780B /* main.m in Sources */,
				DD4C8F2A187E8D4B0041F81A /* PlayedViewController.m in Sources */,
			);
			runOnlyForDeploymentPostprocessing = 0;
		};
		DD543A4C186D594A00C4780B /* Sources */ = {
			isa = PBXSourcesBuildPhase;
			buildActionMask = 2147483647;
			files = (
			);
			runOnlyForDeploymentPostprocessing = 0;
		};
/* End PBXSourcesBuildPhase section */

/* Begin PBXTargetDependency section */
		DD543A56186D594A00C4780B /* PBXTargetDependency */ = {
			isa = PBXTargetDependency;
			target = DD543A2B186D594A00C4780B /* RelaxnListen */;
			targetProxy = DD543A55186D594A00C4780B /* PBXContainerItemProxy */;
		};
/* End PBXTargetDependency section */

/* Begin PBXVariantGroup section */
		DD543A38186D594A00C4780B /* InfoPlist.strings */ = {
			isa = PBXVariantGroup;
			children = (
				DD543A39186D594A00C4780B /* en */,
			);
			name = InfoPlist.strings;
			sourceTree = "<group>";
		};
		DD543A41186D594A00C4780B /* Main_iPhone.storyboard */ = {
			isa = PBXVariantGroup;
			children = (
				DD543A42186D594A00C4780B /* Base */,
			);
			name = Main_iPhone.storyboard;
			sourceTree = "<group>";
		};
		DD543A5A186D594A00C4780B /* InfoPlist.strings */ = {
			isa = PBXVariantGroup;
			children = (
				DD543A5B186D594A00C4780B /* en */,
			);
			name = InfoPlist.strings;
			sourceTree = "<group>";
		};
/* End PBXVariantGroup section */

/* Begin XCBuildConfiguration section */
		DD543A5F186D594A00C4780B /* Debug */ = {
			isa = XCBuildConfiguration;
			buildSettings = {
				ALWAYS_SEARCH_USER_PATHS = NO;
				ARCHS = "$(ARCHS_STANDARD_INCLUDING_64_BIT)";
				CLANG_CXX_LANGUAGE_STANDARD = "gnu++0x";
				CLANG_CXX_LIBRARY = "libc++";
				CLANG_ENABLE_MODULES = YES;
				CLANG_ENABLE_OBJC_ARC = YES;
				CLANG_WARN_BOOL_CONVERSION = YES;
				CLANG_WARN_CONSTANT_CONVERSION = YES;
				CLANG_WARN_DIRECT_OBJC_ISA_USAGE = YES_ERROR;
				CLANG_WARN_EMPTY_BODY = YES;
				CLANG_WARN_ENUM_CONVERSION = YES;
				CLANG_WARN_INT_CONVERSION = YES;
				CLANG_WARN_OBJC_ROOT_CLASS = YES_ERROR;
				CLANG_WARN__DUPLICATE_METHOD_MATCH = YES;
				"CODE_SIGN_IDENTITY[sdk=iphoneos*]" = "iPhone Developer";
				COPY_PHASE_STRIP = NO;
				GCC_C_LANGUAGE_STANDARD = gnu99;
				GCC_DYNAMIC_NO_PIC = NO;
				GCC_OPTIMIZATION_LEVEL = 0;
				GCC_PREPROCESSOR_DEFINITIONS = (
					"DEBUG=1",
					"$(inherited)",
				);
				GCC_SYMBOLS_PRIVATE_EXTERN = NO;
				GCC_WARN_64_TO_32_BIT_CONVERSION = YES;
				GCC_WARN_ABOUT_RETURN_TYPE = YES_ERROR;
				GCC_WARN_UNDECLARED_SELECTOR = YES;
				GCC_WARN_UNINITIALIZED_AUTOS = YES;
				GCC_WARN_UNUSED_FUNCTION = YES;
				GCC_WARN_UNUSED_VARIABLE = YES;
				IPHONEOS_DEPLOYMENT_TARGET = 7.0;
				ONLY_ACTIVE_ARCH = YES;
				SDKROOT = iphoneos;
				TARGETED_DEVICE_FAMILY = "1,2";
			};
			name = Debug;
		};
		DD543A60186D594A00C4780B /* Release */ = {
			isa = XCBuildConfiguration;
			buildSettings = {
				ALWAYS_SEARCH_USER_PATHS = NO;
				ARCHS = "$(ARCHS_STANDARD_INCLUDING_64_BIT)";
				CLANG_CXX_LANGUAGE_STANDARD = "gnu++0x";
				CLANG_CXX_LIBRARY = "libc++";
				CLANG_ENABLE_MODULES = YES;
				CLANG_ENABLE_OBJC_ARC = YES;
				CLANG_WARN_BOOL_CONVERSION = YES;
				CLANG_WARN_CONSTANT_CONVERSION = YES;
				CLANG_WARN_DIRECT_OBJC_ISA_USAGE = YES_ERROR;
				CLANG_WARN_EMPTY_BODY = YES;
				CLANG_WARN_ENUM_CONVERSION = YES;
				CLANG_WARN_INT_CONVERSION = YES;
				CLANG_WARN_OBJC_ROOT_CLASS = YES_ERROR;
				CLANG_WARN__DUPLICATE_METHOD_MATCH = YES;
				"CODE_SIGN_IDENTITY[sdk=iphoneos*]" = "iPhone Developer";
				COPY_PHASE_STRIP = YES;
				ENABLE_NS_ASSERTIONS = NO;
				GCC_C_LANGUAGE_STANDARD = gnu99;
				GCC_WARN_64_TO_32_BIT_CONVERSION = YES;
				GCC_WARN_ABOUT_RETURN_TYPE = YES_ERROR;
				GCC_WARN_UNDECLARED_SELECTOR = YES;
				GCC_WARN_UNINITIALIZED_AUTOS = YES;
				GCC_WARN_UNUSED_FUNCTION = YES;
				GCC_WARN_UNUSED_VARIABLE = YES;
				IPHONEOS_DEPLOYMENT_TARGET = 7.0;
				SDKROOT = iphoneos;
				TARGETED_DEVICE_FAMILY = "1,2";
				VALIDATE_PRODUCT = YES;
			};
			name = Release;
		};
		DD543A62186D594A00C4780B /* Debug */ = {
			isa = XCBuildConfiguration;
			buildSettings = {
				CODE_SIGN_IDENTITY = "iPhone Developer";
				"CODE_SIGN_IDENTITY[sdk=iphoneos*]" = "iPhone Developer";
				GCC_PRECOMPILE_PREFIX_HEADER = YES;
				GCC_PREFIX_HEADER = "RelaxnListen/RelaxnListen-Prefix.pch";
				INFOPLIST_FILE = "RelaxnListen/RelaxnListen-Info.plist";
				PRODUCT_NAME = "Lazy-Listener";
				PROVISIONING_PROFILE = "";
				TARGETED_DEVICE_FAMILY = 1;
				WRAPPER_EXTENSION = app;
			};
			name = Debug;
		};
		DD543A63186D594A00C4780B /* Release */ = {
			isa = XCBuildConfiguration;
			buildSettings = {
				CODE_SIGN_IDENTITY = "iPhone Developer";
				"CODE_SIGN_IDENTITY[sdk=iphoneos*]" = "iPhone Developer";
				GCC_PRECOMPILE_PREFIX_HEADER = YES;
				GCC_PREFIX_HEADER = "RelaxnListen/RelaxnListen-Prefix.pch";
				INFOPLIST_FILE = "RelaxnListen/RelaxnListen-Info.plist";
				PRODUCT_NAME = "Lazy-Listener";
				PROVISIONING_PROFILE = "";
				TARGETED_DEVICE_FAMILY = 1;
				WRAPPER_EXTENSION = app;
			};
			name = Release;
		};
		DD543A65186D594A00C4780B /* Debug */ = {
			isa = XCBuildConfiguration;
			buildSettings = {
				ARCHS = "$(ARCHS_STANDARD_INCLUDING_64_BIT)";
				BUNDLE_LOADER = "$(BUILT_PRODUCTS_DIR)/RelaxnListen.app/RelaxnListen";
				FRAMEWORK_SEARCH_PATHS = (
					"$(SDKROOT)/Developer/Library/Frameworks",
					"$(inherited)",
					"$(DEVELOPER_FRAMEWORKS_DIR)",
				);
				GCC_PRECOMPILE_PREFIX_HEADER = YES;
				GCC_PREFIX_HEADER = "RelaxnListen/RelaxnListen-Prefix.pch";
				GCC_PREPROCESSOR_DEFINITIONS = (
					"DEBUG=1",
					"$(inherited)",
				);
				INFOPLIST_FILE = "RelaxnListenTests/RelaxnListenTests-Info.plist";
				PRODUCT_NAME = "$(TARGET_NAME)";
				TEST_HOST = "$(BUNDLE_LOADER)";
				WRAPPER_EXTENSION = xctest;
			};
			name = Debug;
		};
		DD543A66186D594A00C4780B /* Release */ = {
			isa = XCBuildConfiguration;
			buildSettings = {
				ARCHS = "$(ARCHS_STANDARD_INCLUDING_64_BIT)";
				BUNDLE_LOADER = "$(BUILT_PRODUCTS_DIR)/RelaxnListen.app/RelaxnListen";
				FRAMEWORK_SEARCH_PATHS = (
					"$(SDKROOT)/Developer/Library/Frameworks",
					"$(inherited)",
					"$(DEVELOPER_FRAMEWORKS_DIR)",
				);
				GCC_PRECOMPILE_PREFIX_HEADER = YES;
				GCC_PREFIX_HEADER = "RelaxnListen/RelaxnListen-Prefix.pch";
				INFOPLIST_FILE = "RelaxnListenTests/RelaxnListenTests-Info.plist";
				PRODUCT_NAME = "$(TARGET_NAME)";
				TEST_HOST = "$(BUNDLE_LOADER)";
				WRAPPER_EXTENSION = xctest;
			};
			name = Release;
		};
/* End XCBuildConfiguration section */

/* Begin XCConfigurationList section */
		DD543A27186D594A00C4780B /* Build configuration list for PBXProject "RelaxnListen" */ = {
			isa = XCConfigurationList;
			buildConfigurations = (
				DD543A5F186D594A00C4780B /* Debug */,
				DD543A60186D594A00C4780B /* Release */,
			);
			defaultConfigurationIsVisible = 0;
			defaultConfigurationName = Release;
		};
		DD543A61186D594A00C4780B /* Build configuration list for PBXNativeTarget "RelaxnListen" */ = {
			isa = XCConfigurationList;
			buildConfigurations = (
				DD543A62186D594A00C4780B /* Debug */,
				DD543A63186D594A00C4780B /* Release */,
			);
			defaultConfigurationIsVisible = 0;
			defaultConfigurationName = Release;
		};
		DD543A64186D594A00C4780B /* Build configuration list for PBXNativeTarget "RelaxnListenTests" */ = {
			isa = XCConfigurationList;
			buildConfigurations = (
				DD543A65186D594A00C4780B /* Debug */,
				DD543A66186D594A00C4780B /* Release */,
			);
			defaultConfigurationIsVisible = 0;
			defaultConfigurationName = Release;
		};
/* End XCConfigurationList section */
	};
	rootObject = DD543A24186D594A00C4780B /* Project object */;
}
